
Microsoft Visual Studio Solution File, Format Version 12.00
# Visual Studio Version 18
VisualStudioVersion = 18.7.11903.348 stable
MinimumVisualStudioVersion = 10.0.40219.1
Project("{FAE04EC0-301F-11D3-BF4B-00C04F79EFBC}") = "GitGudModsListLoader", "GitGudModsListLoader\GitGudModsListLoader.csproj", "{DF25C6B0-29EE-4AAA-8EB9-27A8DAC8C47D}"
EndProject
Project("{E53339B2-1760-4266-BCC7-CA923CBCF16C}") = "docker-compose", "docker-compose.dcproj", "{81DDED9D-158B-E303-5F62-77A2896D2A5A}"
EndProject
Project("{2150E333-8FDC-42A3-9474-1A3956D46DE8}") = "Solution Items", "Solution Items", "{504B3E23-9E41-4A1F-B940-688B5B7DF9F3}"
	ProjectSection(SolutionItems) = preProject
		.env = .env
		.gitignore = .gitignore
	EndProjectSection
EndProject
Global
	GlobalSection(SolutionConfigurationPlatforms) = preSolution
		Debug|Any CPU = Debug|Any CPU
		Release|Any CPU = Release|Any CPU
	EndGlobalSection
	GlobalSection(ProjectConfigurationPlatforms) = postSolution
		{DF25C6B0-29EE-4AAA-8EB9-27A8DAC8C47D}.Debug|Any CPU.ActiveCfg = Debug|Any CPU
		{DF25C6B0-29EE-4AAA-8EB9-27A8DAC8C47D}.Debug|Any CPU.Build.0 = Debug|Any CPU
		{DF25C6B0-29EE-4AAA-8EB9-27A8DAC8C47D}.Release|Any CPU.ActiveCfg = Release|Any CPU
		{DF25C6B0-29EE-4AAA-8EB9-27A8DAC8C47D}.Release|Any CPU.Build.0 = Release|Any CPU
		{81DDED9D-158B-E303-5F62-77A2896D2A5A}.Debug|Any CPU.ActiveCfg = Debug|Any CPU
		{81DDED9D-158B-E303-5F62-77A2896D2A5A}.Debug|Any CPU.Build.0 = Debug|Any CPU
		{81DDED9D-158B-E303-5F62-77A2896D2A5A}.Release|Any CPU.ActiveCfg = Release|Any CPU
		{81DDED9D-158B-E303-5F62-77A2896D2A5A}.Release|Any CPU.Build.0 = Release|Any CPU
	EndGlobalSection
	GlobalSection(SolutionProperties) = preSolution
		HideSolutionNode = FALSE
	EndGlobalSection
	GlobalSection(ExtensibilityGlobals) = postSolution
		SolutionGuid = {AFF32CFC-BDD4-4F17-95C0-482DB93E7368}
	EndGlobalSection
EndGlobal
